
Microsoft Visual Studio Solution File, Format Version 12.00
# Visual Studio Version 16
VisualStudioVersion = 16.0.31321.278
MinimumVisualStudioVersion = 10.0.40219.1
Project("{FAE04EC0-301F-11D3-BF4B-00C04F79EFBC}") = "TAMS", "TAMS.csproj", "{804AFB02-AFA0-475C-B034-D365939701B8}"
EndProject
Global
	GlobalSection(SolutionConfigurationPlatforms) = preSolution
		Debug|Any CPU = Debug|Any CPU
		Release|Any CPU = Release|Any CPU
	EndGlobalSection
	GlobalSection(ProjectConfigurationPlatforms) = postSolution
		{804AFB02-AFA0-475C-B034-D365939701B8}.Debug|Any CPU.ActiveCfg = Debug|Any CPU
		{804AFB02-AFA0-475C-B034-D365939701B8}.Debug|Any CPU.Build.0 = Debug|Any CPU
		{804AFB02-AFA0-475C-B034-D365939701B8}.Release|Any CPU.ActiveCfg = Release|Any CPU
		{804AFB02-AFA0-475C-B034-D365939701B8}.Release|Any CPU.Build.0 = Release|Any CPU
	EndGlobalSection
	GlobalSection(SolutionProperties) = preSolution
		HideSolutionNode = FALSE
	EndGlobalSection
	GlobalSection(ExtensibilityGlobals) = postSolution
		SolutionGuid = {91B1105F-1E30-482E-9134-C3C50E71F1CA}
	EndGlobalSection
EndGlobal
